
Microsoft Visual Studio Solution File, Format Version 12.00
# Visual Studio Version 17
VisualStudioVersion = 17.1.32210.238
MinimumVisualStudioVersion = 10.0.40219.1
Project("{2150E333-8FDC-42A3-9474-1A3956D46DE8}") = "src", "src", "{CFFB1EB9-6447-4C20-8400-27D7E2B04508}"
EndProject
Project("{2150E333-8FDC-42A3-9474-1A3956D46DE8}") = "tests", "tests", "{1362EA01-9B01-4E17-A8FB-E42730A2AAB1}"
EndProject
Project("{2150E333-8FDC-42A3-9474-1A3956D46DE8}") = "corePackages", "corePackages", "{01B7F227-CE8F-41FD-9AF8-6AF5E5259161}"
EndProject
Project("{9A19103F-16F7-4668-BE54-9A1E7A4F7556}") = "Core.Application", "src\corePackages\Core.Application\Core.Application.csproj", "{CD9A8AA1-5CAB-4218-91C5-2550BB86354A}"
EndProject
Project("{9A19103F-16F7-4668-BE54-9A1E7A4F7556}") = "Core.CrossCuttingConcerns", "src\corePackages\Core.CrossCuttingConcers\Core.CrossCuttingConcerns.csproj", "{A6D04B11-0C09-4361-B044-B743F61D9E06}"
EndProject
Project("{9A19103F-16F7-4668-BE54-9A1E7A4F7556}") = "Core.ElasticSearch", "src\corePackages\Core.ElasticSearch\Core.ElasticSearch.csproj", "{EAE0F331-1D99-42F6-9926-34C3EAD78BBF}"
EndProject
Project("{9A19103F-16F7-4668-BE54-9A1E7A4F7556}") = "Core.Mailing", "src\corePackages\Core.Mailing\Core.Mailing.csproj", "{4EA615C5-8C04-4EA1-91DA-C86DA54D2E63}"
EndProject
Project("{9A19103F-16F7-4668-BE54-9A1E7A4F7556}") = "Core.Persistence", "src\corePackages\Core.Persistence\Core.Persistence.csproj", "{54635492-7F95-449B-8C5B-493566F68D4A}"
EndProject
Project("{9A19103F-16F7-4668-BE54-9A1E7A4F7556}") = "Core.Security", "src\corePackages\Core.Security\Core.Security.csproj", "{00AA7CFA-B348-4303-B3D0-40750DA10B94}"
EndProject
Project("{2150E333-8FDC-42A3-9474-1A3956D46DE8}") = "demoProjects", "demoProjects", "{DBD564BB-A5CE-41DA-B575-E60CAF4B7E97}"
EndProject
Project("{2150E333-8FDC-42A3-9474-1A3956D46DE8}") = "kodlamaioDevs", "kodlamaioDevs", "{3C89B97C-15BC-4515-8BEC-EDE88BDBBB32}"
EndProject
Project("{FAE04EC0-301F-11D3-BF4B-00C04F79EFBC}") = "Application", "src\demoProjects\Application\Application\Application.csproj", "{5FDC37D0-FE44-4F37-ADF3-67F22D9A00B5}"
EndProject
Project("{FAE04EC0-301F-11D3-BF4B-00C04F79EFBC}") = "Domain", "src\demoProjects\Domain\Domain\Domain.csproj", "{8B9EADE8-7412-48ED-B0CE-BF46C2831A19}"
EndProject
Project("{FAE04EC0-301F-11D3-BF4B-00C04F79EFBC}") = "Infrastructure", "src\demoProjects\Infrastructure\Infrastructure\Infrastructure.csproj", "{BCE256E6-88E9-4DA7-8E5D-08FE2F27D0D3}"
EndProject
Project("{FAE04EC0-301F-11D3-BF4B-00C04F79EFBC}") = "Persistence", "src\demoProjects\Persistence\Persistence\Persistence.csproj", "{6AC1268A-EAD8-464D-B82F-41033D693F08}"
EndProject
Project("{FAE04EC0-301F-11D3-BF4B-00C04F79EFBC}") = "WebAPI", "src\demoProjects\WebAPI\WebAPI\WebAPI.csproj", "{9AAE35B5-750C-4462-BC68-1F36823B95EE}"
EndProject
Global
	GlobalSection(SolutionConfigurationPlatforms) = preSolution
		Debug|Any CPU = Debug|Any CPU
		Release|Any CPU = Release|Any CPU
	EndGlobalSection
	GlobalSection(ProjectConfigurationPlatforms) = postSolution
		{CD9A8AA1-5CAB-4218-91C5-2550BB86354A}.Debug|Any CPU.ActiveCfg = Debug|Any CPU
		{CD9A8AA1-5CAB-4218-91C5-2550BB86354A}.Debug|Any CPU.Build.0 = Debug|Any CPU
		{CD9A8AA1-5CAB-4218-91C5-2550BB86354A}.Release|Any CPU.ActiveCfg = Release|Any CPU
		{CD9A8AA1-5CAB-4218-91C5-2550BB86354A}.Release|Any CPU.Build.0 = Release|Any CPU
		{A6D04B11-0C09-4361-B044-B743F61D9E06}.Debug|Any CPU.ActiveCfg = Debug|Any CPU
		{A6D04B11-0C09-4361-B044-B743F61D9E06}.Debug|Any CPU.Build.0 = Debug|Any CPU
		{A6D04B11-0C09-4361-B044-B743F61D9E06}.Release|Any CPU.ActiveCfg = Release|Any CPU
		{A6D04B11-0C09-4361-B044-B743F61D9E06}.Release|Any CPU.Build.0 = Release|Any CPU
		{EAE0F331-1D99-42F6-9926-34C3EAD78BBF}.Debug|Any CPU.ActiveCfg = Debug|Any CPU
		{EAE0F331-1D99-42F6-9926-34C3EAD78BBF}.Debug|Any CPU.Build.0 = Debug|Any CPU
		{EAE0F331-1D99-42F6-9926-34C3EAD78BBF}.Release|Any CPU.ActiveCfg = Release|Any CPU
		{EAE0F331-1D99-42F6-9926-34C3EAD78BBF}.Release|Any CPU.Build.0 = Release|Any CPU
		{4EA615C5-8C04-4EA1-91DA-C86DA54D2E63}.Debug|Any CPU.ActiveCfg = Debug|Any CPU
		{4EA615C5-8C04-4EA1-91DA-C86DA54D2E63}.Debug|Any CPU.Build.0 = Debug|Any CPU
		{4EA615C5-8C04-4EA1-91DA-C86DA54D2E63}.Release|Any CPU.ActiveCfg = Release|Any CPU
		{4EA615C5-8C04-4EA1-91DA-C86DA54D2E63}.Release|Any CPU.Build.0 = Release|Any CPU
		{54635492-7F95-449B-8C5B-493566F68D4A}.Debug|Any CPU.ActiveCfg = Debug|Any CPU
		{54635492-7F95-449B-8C5B-493566F68D4A}.Debug|Any CPU.Build.0 = Debug|Any CPU
		{54635492-7F95-449B-8C5B-493566F68D4A}.Release|Any CPU.ActiveCfg = Release|Any CPU
		{54635492-7F95-449B-8C5B-493566F68D4A}.Release|Any CPU.Build.0 = Release|Any CPU
		{00AA7CFA-B348-4303-B3D0-40750DA10B94}.Debug|Any CPU.ActiveCfg = Debug|Any CPU
		{00AA7CFA-B348-4303-B3D0-40750DA10B94}.Debug|Any CPU.Build.0 = Debug|Any CPU
		{00AA7CFA-B348-4303-B3D0-40750DA10B94}.Release|Any CPU.ActiveCfg = Release|Any CPU
		{00AA7CFA-B348-4303-B3D0-40750DA10B94}.Release|Any CPU.Build.0 = Release|Any CPU
		{5FDC37D0-FE44-4F37-ADF3-67F22D9A00B5}.Debug|Any CPU.ActiveCfg = Debug|Any CPU
		{5FDC37D0-FE44-4F37-ADF3-67F22D9A00B5}.Debug|Any CPU.Build.0 = Debug|Any CPU
		{5FDC37D0-FE44-4F37-ADF3-67F22D9A00B5}.Release|Any CPU.ActiveCfg = Release|Any CPU
		{5FDC37D0-FE44-4F37-ADF3-67F22D9A00B5}.Release|Any CPU.Build.0 = Release|Any CPU
		{8B9EADE8-7412-48ED-B0CE-BF46C2831A19}.Debug|Any CPU.ActiveCfg = Debug|Any CPU
		{8B9EADE8-7412-48ED-B0CE-BF46C2831A19}.Debug|Any CPU.Build.0 = Debug|Any CPU
		{8B9EADE8-7412-48ED-B0CE-BF46C2831A19}.Release|Any CPU.ActiveCfg = Release|Any CPU
		{8B9EADE8-7412-48ED-B0CE-BF46C2831A19}.Release|Any CPU.Build.0 = Release|Any CPU
		{BCE256E6-88E9-4DA7-8E5D-08FE2F27D0D3}.Debug|Any CPU.ActiveCfg = Debug|Any CPU
		{BCE256E6-88E9-4DA7-8E5D-08FE2F27D0D3}.Debug|Any CPU.Build.0 = Debug|Any CPU
		{BCE256E6-88E9-4DA7-8E5D-08FE2F27D0D3}.Release|Any CPU.ActiveCfg = Release|Any CPU
		{BCE256E6-88E9-4DA7-8E5D-08FE2F27D0D3}.Release|Any CPU.Build.0 = Release|Any CPU
		{6AC1268A-EAD8-464D-B82F-41033D693F08}.Debug|Any CPU.ActiveCfg = Debug|Any CPU
		{6AC1268A-EAD8-464D-B82F-41033D693F08}.Debug|Any CPU.Build.0 = Debug|Any CPU
		{6AC1268A-EAD8-464D-B82F-41033D693F08}.Release|Any CPU.ActiveCfg = Release|Any CPU
		{6AC1268A-EAD8-464D-B82F-41033D693F08}.Release|Any CPU.Build.0 = Release|Any CPU
		{9AAE35B5-750C-4462-BC68-1F36823B95EE}.Debug|Any CPU.ActiveCfg = Debug|Any CPU
		{9AAE35B5-750C-4462-BC68-1F36823B95EE}.Debug|Any CPU.Build.0 = Debug|Any CPU
		{9AAE35B5-750C-4462-BC68-1F36823B95EE}.Release|Any CPU.ActiveCfg = Release|Any CPU
		{9AAE35B5-750C-4462-BC68-1F36823B95EE}.Release|Any CPU.Build.0 = Release|Any CPU
	EndGlobalSection
	GlobalSection(SolutionProperties) = preSolution
		HideSolutionNode = FALSE
	EndGlobalSection
	GlobalSection(NestedProjects) = preSolution
		{01B7F227-CE8F-41FD-9AF8-6AF5E5259161} = {CFFB1EB9-6447-4C20-8400-27D7E2B04508}
		{CD9A8AA1-5CAB-4218-91C5-2550BB86354A} = {01B7F227-CE8F-41FD-9AF8-6AF5E5259161}
		{A6D04B11-0C09-4361-B044-B743F61D9E06} = {01B7F227-CE8F-41FD-9AF8-6AF5E5259161}
		{EAE0F331-1D99-42F6-9926-34C3EAD78BBF} = {01B7F227-CE8F-41FD-9AF8-6AF5E5259161}
		{4EA615C5-8C04-4EA1-91DA-C86DA54D2E63} = {01B7F227-CE8F-41FD-9AF8-6AF5E5259161}
		{54635492-7F95-449B-8C5B-493566F68D4A} = {01B7F227-CE8F-41FD-9AF8-6AF5E5259161}
		{00AA7CFA-B348-4303-B3D0-40750DA10B94} = {01B7F227-CE8F-41FD-9AF8-6AF5E5259161}
		{DBD564BB-A5CE-41DA-B575-E60CAF4B7E97} = {CFFB1EB9-6447-4C20-8400-27D7E2B04508}
		{3C89B97C-15BC-4515-8BEC-EDE88BDBBB32} = {DBD564BB-A5CE-41DA-B575-E60CAF4B7E97}
		{5FDC37D0-FE44-4F37-ADF3-67F22D9A00B5} = {3C89B97C-15BC-4515-8BEC-EDE88BDBBB32}
		{8B9EADE8-7412-48ED-B0CE-BF46C2831A19} = {3C89B97C-15BC-4515-8BEC-EDE88BDBBB32}
		{BCE256E6-88E9-4DA7-8E5D-08FE2F27D0D3} = {3C89B97C-15BC-4515-8BEC-EDE88BDBBB32}
		{6AC1268A-EAD8-464D-B82F-41033D693F08} = {3C89B97C-15BC-4515-8BEC-EDE88BDBBB32}
		{9AAE35B5-750C-4462-BC68-1F36823B95EE} = {3C89B97C-15BC-4515-8BEC-EDE88BDBBB32}
	EndGlobalSection
	GlobalSection(ExtensibilityGlobals) = postSolution
		SolutionGuid = {C127633B-AB1B-43AE-A516-DCF06F13F757}
	EndGlobalSection
EndGlobal
